
Microsoft Visual Studio Solution File, Format Version 12.00
# Visual Studio Version 17
VisualStudioVersion = 17.8.34408.163
MinimumVisualStudioVersion = 10.0.40219.1
Project("{FAE04EC0-301F-11D3-BF4B-00C04F79EFBC}") = "Assignment", "Assignemnt\Assignment.csproj", "{F23315EF-728E-4115-97EF-00DB7B5AB081}"
EndProject
Global
	GlobalSection(SolutionConfigurationPlatforms) = preSolution
		Debug|Any CPU = Debug|Any CPU
		Release|Any CPU = Release|Any CPU
	EndGlobalSection
	GlobalSection(ProjectConfigurationPlatforms) = postSolution
		{F23315EF-728E-4115-97EF-00DB7B5AB081}.Debug|Any CPU.ActiveCfg = Debug|Any CPU
		{F23315EF-728E-4115-97EF-00DB7B5AB081}.Debug|Any CPU.Build.0 = Debug|Any CPU
		{F23315EF-728E-4115-97EF-00DB7B5AB081}.Release|Any CPU.ActiveCfg = Release|Any CPU
		{F23315EF-728E-4115-97EF-00DB7B5AB081}.Release|Any CPU.Build.0 = Release|Any CPU
	EndGlobalSection
	GlobalSection(SolutionProperties) = preSolution
		HideSolutionNode = FALSE
	EndGlobalSection
	GlobalSection(ExtensibilityGlobals) = postSolution
		SolutionGuid = {4D05915E-3F17-4A14-A434-8BC521595EED}
	EndGlobalSection
EndGlobal
